<?xml version="1.0" encoding="UTF-8"?>
<CodeBlocks_project_file>
	<FileVersion major="1" minor="6"/>
	<Project>
		<Option title="shale"/>
		<Option makefile_is_custom="1"/>
		<Option compiler="gcc"/>
		<Option virtualFolders="CMake Files\;"/>
		<Build>
			<Target title="all">
				<Option working_dir="/Users/tchu/CLionProjects/shale"/>
				<Option type="4"/>
				<MakeCommands>
					<Build command="/usr/bin/make -f &quot;/Users/tchu/CLionProjects/shale/Makefile&quot;  VERBOSE=1 all"/>
					<CompileFile command="/usr/bin/make -f &quot;/Users/tchu/CLionProjects/shale/Makefile&quot;  VERBOSE=1 &quot;$file&quot;"/>
					<Clean command="/usr/bin/make -f &quot;/Users/tchu/CLionProjects/shale/Makefile&quot;  VERBOSE=1 clean"/>
					<DistClean command="/usr/bin/make -f &quot;/Users/tchu/CLionProjects/shale/Makefile&quot;  VERBOSE=1 clean"/>
				</MakeCommands>
			</Target>
			<Target title="rebuild_cache">
				<Option working_dir="/Users/tchu/CLionProjects/shale"/>
				<Option type="4"/>
				<MakeCommands>
					<Build command="/usr/bin/make -f &quot;/Users/tchu/CLionProjects/shale/Makefile&quot;  VERBOSE=1 rebuild_cache"/>
					<CompileFile command="/usr/bin/make -f &quot;/Users/tchu/CLionProjects/shale/Makefile&quot;  VERBOSE=1 &quot;$file&quot;"/>
					<Clean command="/usr/bin/make -f &quot;/Users/tchu/CLionProjects/shale/Makefile&quot;  VERBOSE=1 clean"/>
					<DistClean command="/usr/bin/make -f &quot;/Users/tchu/CLionProjects/shale/Makefile&quot;  VERBOSE=1 clean"/>
				</MakeCommands>
			</Target>
			<Target title="edit_cache">
				<Option working_dir="/Users/tchu/CLionProjects/shale"/>
				<Option type="4"/>
				<MakeCommands>
					<Build command="/usr/bin/make -f &quot;/Users/tchu/CLionProjects/shale/Makefile&quot;  VERBOSE=1 edit_cache"/>
					<CompileFile command="/usr/bin/make -f &quot;/Users/tchu/CLionProjects/shale/Makefile&quot;  VERBOSE=1 &quot;$file&quot;"/>
					<Clean command="/usr/bin/make -f &quot;/Users/tchu/CLionProjects/shale/Makefile&quot;  VERBOSE=1 clean"/>
					<DistClean command="/usr/bin/make -f &quot;/Users/tchu/CLionProjects/shale/Makefile&quot;  VERBOSE=1 clean"/>
				</MakeCommands>
			</Target>
			<Target title="shale">
				<Option output="/Users/tchu/CLionProjects/shale/shale" prefix_auto="0" extension_auto="0"/>
				<Option working_dir="/Users/tchu/CLionProjects/shale"/>
				<Option object_output="./"/>
				<Option type="1"/>
				<Option compiler="gcc"/>
				<Compiler/>
				<MakeCommands>
					<Build command="/usr/bin/make -f &quot;/Users/tchu/CLionProjects/shale/Makefile&quot;  VERBOSE=1 shale"/>
					<CompileFile command="/usr/bin/make -f &quot;/Users/tchu/CLionProjects/shale/Makefile&quot;  VERBOSE=1 &quot;$file&quot;"/>
					<Clean command="/usr/bin/make -f &quot;/Users/tchu/CLionProjects/shale/Makefile&quot;  VERBOSE=1 clean"/>
					<DistClean command="/usr/bin/make -f &quot;/Users/tchu/CLionProjects/shale/Makefile&quot;  VERBOSE=1 clean"/>
				</MakeCommands>
			</Target>
			<Target title="shale/fast">
				<Option output="/Users/tchu/CLionProjects/shale/shale" prefix_auto="0" extension_auto="0"/>
				<Option working_dir="/Users/tchu/CLionProjects/shale"/>
				<Option object_output="./"/>
				<Option type="1"/>
				<Option compiler="gcc"/>
				<Compiler/>
				<MakeCommands>
					<Build command="/usr/bin/make -f &quot;/Users/tchu/CLionProjects/shale/Makefile&quot;  VERBOSE=1 shale/fast"/>
					<CompileFile command="/usr/bin/make -f &quot;/Users/tchu/CLionProjects/shale/Makefile&quot;  VERBOSE=1 &quot;$file&quot;"/>
					<Clean command="/usr/bin/make -f &quot;/Users/tchu/CLionProjects/shale/Makefile&quot;  VERBOSE=1 clean"/>
					<DistClean command="/usr/bin/make -f &quot;/Users/tchu/CLionProjects/shale/Makefile&quot;  VERBOSE=1 clean"/>
				</MakeCommands>
			</Target>
		</Build>
		<Unit filename="/Users/tchu/CLionProjects/shale/AdDemand.cpp">
			<Option target="shale"/>
		</Unit>
		<Unit filename="/Users/tchu/CLionProjects/shale/AdDemand.h">
			<Option target="shale"/>
		</Unit>
		<Unit filename="/Users/tchu/CLionProjects/shale/AdSupply.cpp">
			<Option target="shale"/>
		</Unit>
		<Unit filename="/Users/tchu/CLionProjects/shale/AdSupply.h">
			<Option target="shale"/>
		</Unit>
		<Unit filename="/Users/tchu/CLionProjects/shale/Shale.cpp">
			<Option target="shale"/>
		</Unit>
		<Unit filename="/Users/tchu/CLionProjects/shale/Shale.h">
			<Option target="shale"/>
		</Unit>
		<Unit filename="/Users/tchu/CLionProjects/shale/main.cpp">
			<Option target="shale"/>
		</Unit>
		<Unit filename="/Users/tchu/CLionProjects/shale/CMakeLists.txt">
			<Option virtualFolder="CMake Files\"/>
		</Unit>
	</Project>
</CodeBlocks_project_file>
